
Microsoft Visual Studio Solution File, Format Version 12.00
# Visual Studio Version 17
VisualStudioVersion = 17.11.35312.102
MinimumVisualStudioVersion = 10.0.40219.1
Project("{FAE04EC0-301F-11D3-BF4B-00C04F79EFBC}") = "TaskTrackerAPI", "TaskTrackerAPI.csproj", "{A552C715-EBC7-49ED-9E3B-979526F7A650}"
EndProject
Global
	GlobalSection(SolutionConfigurationPlatforms) = preSolution
		Debug|Any CPU = Debug|Any CPU
		Release|Any CPU = Release|Any CPU
	EndGlobalSection
	GlobalSection(ProjectConfigurationPlatforms) = postSolution
		{A552C715-EBC7-49ED-9E3B-979526F7A650}.Debug|Any CPU.ActiveCfg = Debug|Any CPU
		{A552C715-EBC7-49ED-9E3B-979526F7A650}.Debug|Any CPU.Build.0 = Debug|Any CPU
		{A552C715-EBC7-49ED-9E3B-979526F7A650}.Release|Any CPU.ActiveCfg = Release|Any CPU
		{A552C715-EBC7-49ED-9E3B-979526F7A650}.Release|Any CPU.Build.0 = Release|Any CPU
	EndGlobalSection
	GlobalSection(SolutionProperties) = preSolution
		HideSolutionNode = FALSE
	EndGlobalSection
	GlobalSection(ExtensibilityGlobals) = postSolution
		SolutionGuid = {96FE9F03-4E05-49B9-BACF-4E875D1616FB}
	EndGlobalSection
EndGlobal
